# This file is autogenerated, do not edit; changes may be undone by the next 'dep ensure'.


[[projects]]
  branch = "master"
  digest = "1:f23256f977136efeba00cb90f355644909b155e7d2757c7f88463c719f7abf3a"
  name = "github.com/tharindu96/bencode-go"
  packages = ["."]
  pruneopts = "UT"
  revision = "8d5bed7e1f85151940d11044343bae6322d3050a"

[solve-meta]
  analyzer-name = "dep"
  analyzer-version = 1
  input-imports = ["github.com/tharindu96/bencode-go"]
  solver-name = "gps-cdcl"
  solver-version = 1
